// !$*UTF8*$!
{
	archiveVersion = 1;
	classes = {
	};
	objectVersion = 50;
	objects = {

/* Begin PBXBuildFile section */
		67707FDC268B9D44002831E9 /* AppDelegate.swift in Sources */ = {isa = PBXBuildFile; fileRef = 67707FDB268B9D44002831E9 /* AppDelegate.swift */; };
		67707FDE268B9D44002831E9 /* SceneDelegate.swift in Sources */ = {isa = PBXBuildFile; fileRef = 67707FDD268B9D44002831E9 /* SceneDelegate.swift */; };
		67707FE0268B9D44002831E9 /* ViewController.swift in Sources */ = {isa = PBXBuildFile; fileRef = 67707FDF268B9D44002831E9 /* ViewController.swift */; };
		67707FE3268B9D44002831E9 /* Main.storyboard in Resources */ = {isa = PBXBuildFile; fileRef = 67707FE1268B9D44002831E9 /* Main.storyboard */; };
		67707FE6268B9D44002831E9 /* Reflectivity.xcdatamodeld in Sources */ = {isa = PBXBuildFile; fileRef = 67707FE4268B9D44002831E9 /* Reflectivity.xcdatamodeld */; };
		67707FE8268B9D54002831E9 /* Assets.xcassets in Resources */ = {isa = PBXBuildFile; fileRef = 67707FE7268B9D54002831E9 /* Assets.xcassets */; };
		67707FEB268B9D54002831E9 /* LaunchScreen.storyboard in Resources */ = {isa = PBXBuildFile; fileRef = 67707FE9268B9D54002831E9 /* LaunchScreen.storyboard */; };
		67708005268CF62B002831E9 /* Montserrat.zip in Resources */ = {isa = PBXBuildFile; fileRef = 67708004268CF62B002831E9 /* Montserrat.zip */; };
		67708007268CF63C002831E9 /* Montserrat in Resources */ = {isa = PBXBuildFile; fileRef = 67708006268CF63C002831E9 /* Montserrat */; };
		6770800B268CFB3F002831E9 /* Screen Shot 2021-06-30 at 2.16.00 PM.png in Resources */ = {isa = PBXBuildFile; fileRef = 6770800A268CFB3F002831E9 /* Screen Shot 2021-06-30 at 2.16.00 PM.png */; };
		67708134268E0E79002831E9 /* Screen Shot 2021-06-30 at 3.12.06 PM.png in Resources */ = {isa = PBXBuildFile; fileRef = 67708131268E0E79002831E9 /* Screen Shot 2021-06-30 at 3.12.06 PM.png */; };
		67708135268E0E79002831E9 /* Screen Shot 2021-06-30 at 3.12.13 PM.png in Resources */ = {isa = PBXBuildFile; fileRef = 67708132268E0E79002831E9 /* Screen Shot 2021-06-30 at 3.12.13 PM.png */; };
		67708136268E0E79002831E9 /* Screen Shot 2021-06-30 at 3.15.11 PM.png in Resources */ = {isa = PBXBuildFile; fileRef = 67708133268E0E79002831E9 /* Screen Shot 2021-06-30 at 3.15.11 PM.png */; };
		67708138268E101F002831E9 /* Screen Shot 2021-06-30 at 4.58.12 PM.png in Resources */ = {isa = PBXBuildFile; fileRef = 67708137268E101F002831E9 /* Screen Shot 2021-06-30 at 4.58.12 PM.png */; };
		6770813A268E11D5002831E9 /* Screen Shot 2021-06-30 at 11.55.39 PM.png in Resources */ = {isa = PBXBuildFile; fileRef = 67708139268E11D5002831E9 /* Screen Shot 2021-06-30 at 11.55.39 PM.png */; };
		6770813C268E1321002831E9 /* Screen Shot 2021-07-01 at 10.12.32 AM.png in Resources */ = {isa = PBXBuildFile; fileRef = 6770813B268E1320002831E9 /* Screen Shot 2021-07-01 at 10.12.32 AM.png */; };
		67708149268E163E002831E9 /* Screen Shot 2021-07-01 at 10.24.10 AM.png in Resources */ = {isa = PBXBuildFile; fileRef = 67708145268E163D002831E9 /* Screen Shot 2021-07-01 at 10.24.10 AM.png */; };
		6770814A268E163E002831E9 /* Screen Shot 2021-07-01 at 10.24.16 AM.png in Resources */ = {isa = PBXBuildFile; fileRef = 67708146268E163D002831E9 /* Screen Shot 2021-07-01 at 10.24.16 AM.png */; };
		6770814B268E163E002831E9 /* Screen Shot 2021-07-01 at 10.23.44 AM.png in Resources */ = {isa = PBXBuildFile; fileRef = 67708147268E163E002831E9 /* Screen Shot 2021-07-01 at 10.23.44 AM.png */; };
		6770814C268E163E002831E9 /* Screen Shot 2021-07-01 at 10.24.03 AM.png in Resources */ = {isa = PBXBuildFile; fileRef = 67708148268E163E002831E9 /* Screen Shot 2021-07-01 at 10.24.03 AM.png */; };
		6770814E268E18AC002831E9 /* Screen Shot 2021-07-01 at 10.35.35 AM.png in Resources */ = {isa = PBXBuildFile; fileRef = 6770814D268E18AC002831E9 /* Screen Shot 2021-07-01 at 10.35.35 AM.png */; };
/* End PBXBuildFile section */

/* Begin PBXFileReference section */
		67707FD8268B9D44002831E9 /* Reflectivity.app */ = {isa = PBXFileReference; explicitFileType = wrapper.application; includeInIndex = 0; path = Reflectivity.app; sourceTree = BUILT_PRODUCTS_DIR; };
		67707FDB268B9D44002831E9 /* AppDelegate.swift */ = {isa = PBXFileReference; lastKnownFileType = sourcecode.swift; path = AppDelegate.swift; sourceTree = "<group>"; };
		67707FDD268B9D44002831E9 /* SceneDelegate.swift */ = {isa = PBXFileReference; lastKnownFileType = sourcecode.swift; path = SceneDelegate.swift; sourceTree = "<group>"; };
		67707FDF268B9D44002831E9 /* ViewController.swift */ = {isa = PBXFileReference; lastKnownFileType = sourcecode.swift; path = ViewController.swift; sourceTree = "<group>"; };
		67707FE2268B9D44002831E9 /* Base */ = {isa = PBXFileReference; lastKnownFileType = file.storyboard; name = Base; path = Base.lproj/Main.storyboard; sourceTree = "<group>"; };
		67707FE5268B9D44002831E9 /* Reflectivity.xcdatamodel */ = {isa = PBXFileReference; lastKnownFileType = wrapper.xcdatamodel; path = Reflectivity.xcdatamodel; sourceTree = "<group>"; };
		67707FE7268B9D54002831E9 /* Assets.xcassets */ = {isa = PBXFileReference; lastKnownFileType = folder.assetcatalog; path = Assets.xcassets; sourceTree = "<group>"; };
		67707FEA268B9D54002831E9 /* Base */ = {isa = PBXFileReference; lastKnownFileType = file.storyboard; name = Base; path = Base.lproj/LaunchScreen.storyboard; sourceTree = "<group>"; };
		67707FEC268B9D54002831E9 /* Info.plist */ = {isa = PBXFileReference; lastKnownFileType = text.plist.xml; path = Info.plist; sourceTree = "<group>"; };
		67708004268CF62B002831E9 /* Montserrat.zip */ = {isa = PBXFileReference; lastKnownFileType = archive.zip; name = Montserrat.zip; path = ../../Montserrat.zip; sourceTree = "<group>"; };
		67708006268CF63C002831E9 /* Montserrat */ = {isa = PBXFileReference; lastKnownFileType = folder; name = Montserrat; path = ../../Montserrat; sourceTree = "<group>"; };
		6770800A268CFB3F002831E9 /* Screen Shot 2021-06-30 at 2.16.00 PM.png */ = {isa = PBXFileReference; lastKnownFileType = image.png; name = "Screen Shot 2021-06-30 at 2.16.00 PM.png"; path = "../../Screen Shot 2021-06-30 at 2.16.00 PM.png"; sourceTree = "<group>"; };
		67708131268E0E79002831E9 /* Screen Shot 2021-06-30 at 3.12.06 PM.png */ = {isa = PBXFileReference; lastKnownFileType = image.png; name = "Screen Shot 2021-06-30 at 3.12.06 PM.png"; path = "../../Screen Shot 2021-06-30 at 3.12.06 PM.png"; sourceTree = "<group>"; };
		67708132268E0E79002831E9 /* Screen Shot 2021-06-30 at 3.12.13 PM.png */ = {isa = PBXFileReference; lastKnownFileType = image.png; name = "Screen Shot 2021-06-30 at 3.12.13 PM.png"; path = "../../Screen Shot 2021-06-30 at 3.12.13 PM.png"; sourceTree = "<group>"; };
		67708133268E0E79002831E9 /* Screen Shot 2021-06-30 at 3.15.11 PM.png */ = {isa = PBXFileReference; lastKnownFileType = image.png; name = "Screen Shot 2021-06-30 at 3.15.11 PM.png"; path = "../../Screen Shot 2021-06-30 at 3.15.11 PM.png"; sourceTree = "<group>"; };
		67708137268E101F002831E9 /* Screen Shot 2021-06-30 at 4.58.12 PM.png */ = {isa = PBXFileReference; lastKnownFileType = image.png; name = "Screen Shot 2021-06-30 at 4.58.12 PM.png"; path = "../../Screen Shot 2021-06-30 at 4.58.12 PM.png"; sourceTree = "<group>"; };
		67708139268E11D5002831E9 /* Screen Shot 2021-06-30 at 11.55.39 PM.png */ = {isa = PBXFileReference; lastKnownFileType = image.png; name = "Screen Shot 2021-06-30 at 11.55.39 PM.png"; path = "../../Screen Shot 2021-06-30 at 11.55.39 PM.png"; sourceTree = "<group>"; };
		6770813B268E1320002831E9 /* Screen Shot 2021-07-01 at 10.12.32 AM.png */ = {isa = PBXFileReference; lastKnownFileType = image.png; name = "Screen Shot 2021-07-01 at 10.12.32 AM.png"; path = "../../Screen Shot 2021-07-01 at 10.12.32 AM.png"; sourceTree = "<group>"; };
		67708145268E163D002831E9 /* Screen Shot 2021-07-01 at 10.24.10 AM.png */ = {isa = PBXFileReference; lastKnownFileType = image.png; name = "Screen Shot 2021-07-01 at 10.24.10 AM.png"; path = "../../Screen Shot 2021-07-01 at 10.24.10 AM.png"; sourceTree = "<group>"; };
		67708146268E163D002831E9 /* Screen Shot 2021-07-01 at 10.24.16 AM.png */ = {isa = PBXFileReference; lastKnownFileType = image.png; name = "Screen Shot 2021-07-01 at 10.24.16 AM.png"; path = "../../Screen Shot 2021-07-01 at 10.24.16 AM.png"; sourceTree = "<group>"; };
		67708147268E163E002831E9 /* Screen Shot 2021-07-01 at 10.23.44 AM.png */ = {isa = PBXFileReference; lastKnownFileType = image.png; name = "Screen Shot 2021-07-01 at 10.23.44 AM.png"; path = "../../Screen Shot 2021-07-01 at 10.23.44 AM.png"; sourceTree = "<group>"; };
		67708148268E163E002831E9 /* Screen Shot 2021-07-01 at 10.24.03 AM.png */ = {isa = PBXFileReference; lastKnownFileType = image.png; name = "Screen Shot 2021-07-01 at 10.24.03 AM.png"; path = "../../Screen Shot 2021-07-01 at 10.24.03 AM.png"; sourceTree = "<group>"; };
		6770814D268E18AC002831E9 /* Screen Shot 2021-07-01 at 10.35.35 AM.png */ = {isa = PBXFileReference; lastKnownFileType = image.png; name = "Screen Shot 2021-07-01 at 10.35.35 AM.png"; path = "../../Screen Shot 2021-07-01 at 10.35.35 AM.png"; sourceTree = "<group>"; };
/* End PBXFileReference section */

/* Begin PBXFrameworksBuildPhase section */
		67707FD5268B9D44002831E9 /* Frameworks */ = {
			isa = PBXFrameworksBuildPhase;
			buildActionMask = 2147483647;
			files = (
			);
			runOnlyForDeploymentPostprocessing = 0;
		};
/* End PBXFrameworksBuildPhase section */

/* Begin PBXGroup section */
		67707FCF268B9D44002831E9 = {
			isa = PBXGroup;
			children = (
				67707FDA268B9D44002831E9 /* Reflectivity */,
				67707FD9268B9D44002831E9 /* Products */,
			);
			sourceTree = "<group>";
		};
		67707FD9268B9D44002831E9 /* Products */ = {
			isa = PBXGroup;
			children = (
				67707FD8268B9D44002831E9 /* Reflectivity.app */,
			);
			name = Products;
			sourceTree = "<group>";
		};
		67707FDA268B9D44002831E9 /* Reflectivity */ = {
			isa = PBXGroup;
			children = (
				67707FDB268B9D44002831E9 /* AppDelegate.swift */,
				67707FDD268B9D44002831E9 /* SceneDelegate.swift */,
				67707FDF268B9D44002831E9 /* ViewController.swift */,
				67707FE1268B9D44002831E9 /* Main.storyboard */,
				67708006268CF63C002831E9 /* Montserrat */,
				67708004268CF62B002831E9 /* Montserrat.zip */,
				67707FE7268B9D54002831E9 /* Assets.xcassets */,
				6770814D268E18AC002831E9 /* Screen Shot 2021-07-01 at 10.35.35 AM.png */,
				67708147268E163E002831E9 /* Screen Shot 2021-07-01 at 10.23.44 AM.png */,
				67708148268E163E002831E9 /* Screen Shot 2021-07-01 at 10.24.03 AM.png */,
				67708145268E163D002831E9 /* Screen Shot 2021-07-01 at 10.24.10 AM.png */,
				67708146268E163D002831E9 /* Screen Shot 2021-07-01 at 10.24.16 AM.png */,
				6770813B268E1320002831E9 /* Screen Shot 2021-07-01 at 10.12.32 AM.png */,
				67708139268E11D5002831E9 /* Screen Shot 2021-06-30 at 11.55.39 PM.png */,
				67708137268E101F002831E9 /* Screen Shot 2021-06-30 at 4.58.12 PM.png */,
				67708131268E0E79002831E9 /* Screen Shot 2021-06-30 at 3.12.06 PM.png */,
				67708132268E0E79002831E9 /* Screen Shot 2021-06-30 at 3.12.13 PM.png */,
				67708133268E0E79002831E9 /* Screen Shot 2021-06-30 at 3.15.11 PM.png */,
				6770800A268CFB3F002831E9 /* Screen Shot 2021-06-30 at 2.16.00 PM.png */,
				67707FE9268B9D54002831E9 /* LaunchScreen.storyboard */,
				67707FEC268B9D54002831E9 /* Info.plist */,
				67707FE4268B9D44002831E9 /* Reflectivity.xcdatamodeld */,
			);
			path = Reflectivity;
			sourceTree = "<group>";
		};
/* End PBXGroup section */

/* Begin PBXNativeTarget section */
		67707FD7268B9D44002831E9 /* Reflectivity */ = {
			isa = PBXNativeTarget;
			buildConfigurationList = 67707FEF268B9D54002831E9 /* Build configuration list for PBXNativeTarget "Reflectivity" */;
			buildPhases = (
				67707FD4268B9D44002831E9 /* Sources */,
				67707FD5268B9D44002831E9 /* Frameworks */,
				67707FD6268B9D44002831E9 /* Resources */,
			);
			buildRules = (
			);
			dependencies = (
			);
			name = Reflectivity;
			productName = Reflectivity;
			productReference = 67707FD8268B9D44002831E9 /* Reflectivity.app */;
			productType = "com.apple.product-type.application";
		};
/* End PBXNativeTarget section */

/* Begin PBXProject section */
		67707FD0268B9D44002831E9 /* Project object */ = {
			isa = PBXProject;
			attributes = {
				LastSwiftUpdateCheck = 1250;
				LastUpgradeCheck = 1250;
				TargetAttributes = {
					67707FD7268B9D44002831E9 = {
						CreatedOnToolsVersion = 12.5.1;
					};
				};
			};
			buildConfigurationList = 67707FD3268B9D44002831E9 /* Build configuration list for PBXProject "Reflectivity" */;
			compatibilityVersion = "Xcode 9.3";
			developmentRegion = en;
			hasScannedForEncodings = 0;
			knownRegions = (
				en,
				Base,
			);
			mainGroup = 67707FCF268B9D44002831E9;
			productRefGroup = 67707FD9268B9D44002831E9 /* Products */;
			projectDirPath = "";
			projectRoot = "";
			targets = (
				67707FD7268B9D44002831E9 /* Reflectivity */,
			);
		};
/* End PBXProject section */

/* Begin PBXResourcesBuildPhase section */
		67707FD6268B9D44002831E9 /* Resources */ = {
			isa = PBXResourcesBuildPhase;
			buildActionMask = 2147483647;
			files = (
				6770814E268E18AC002831E9 /* Screen Shot 2021-07-01 at 10.35.35 AM.png in Resources */,
				67708136268E0E79002831E9 /* Screen Shot 2021-06-30 at 3.15.11 PM.png in Resources */,
				6770813C268E1321002831E9 /* Screen Shot 2021-07-01 at 10.12.32 AM.png in Resources */,
				67707FEB268B9D54002831E9 /* LaunchScreen.storyboard in Resources */,
				67708135268E0E79002831E9 /* Screen Shot 2021-06-30 at 3.12.13 PM.png in Resources */,
				67708138268E101F002831E9 /* Screen Shot 2021-06-30 at 4.58.12 PM.png in Resources */,
				6770814B268E163E002831E9 /* Screen Shot 2021-07-01 at 10.23.44 AM.png in Resources */,
				67708005268CF62B002831E9 /* Montserrat.zip in Resources */,
				6770813A268E11D5002831E9 /* Screen Shot 2021-06-30 at 11.55.39 PM.png in Resources */,
				6770800B268CFB3F002831E9 /* Screen Shot 2021-06-30 at 2.16.00 PM.png in Resources */,
				67707FE8268B9D54002831E9 /* Assets.xcassets in Resources */,
				6770814C268E163E002831E9 /* Screen Shot 2021-07-01 at 10.24.03 AM.png in Resources */,
				67707FE3268B9D44002831E9 /* Main.storyboard in Resources */,
				6770814A268E163E002831E9 /* Screen Shot 2021-07-01 at 10.24.16 AM.png in Resources */,
				67708007268CF63C002831E9 /* Montserrat in Resources */,
				67708149268E163E002831E9 /* Screen Shot 2021-07-01 at 10.24.10 AM.png in Resources */,
				67708134268E0E79002831E9 /* Screen Shot 2021-06-30 at 3.12.06 PM.png in Resources */,
			);
			runOnlyForDeploymentPostprocessing = 0;
		};
/* End PBXResourcesBuildPhase section */

/* Begin PBXSourcesBuildPhase section */
		67707FD4268B9D44002831E9 /* Sources */ = {
			isa = PBXSourcesBuildPhase;
			buildActionMask = 2147483647;
			files = (
				67707FE0268B9D44002831E9 /* ViewController.swift in Sources */,
				67707FDC268B9D44002831E9 /* AppDelegate.swift in Sources */,
				67707FDE268B9D44002831E9 /* SceneDelegate.swift in Sources */,
				67707FE6268B9D44002831E9 /* Reflectivity.xcdatamodeld in Sources */,
			);
			runOnlyForDeploymentPostprocessing = 0;
		};
/* End PBXSourcesBuildPhase section */

/* Begin PBXVariantGroup section */
		67707FE1268B9D44002831E9 /* Main.storyboard */ = {
			isa = PBXVariantGroup;
			children = (
				67707FE2268B9D44002831E9 /* Base */,
			);
			name = Main.storyboard;
			sourceTree = "<group>";
		};
		67707FE9268B9D54002831E9 /* LaunchScreen.storyboard */ = {
			isa = PBXVariantGroup;
			children = (
				67707FEA268B9D54002831E9 /* Base */,
			);
			name = LaunchScreen.storyboard;
			sourceTree = "<group>";
		};
/* End PBXVariantGroup section */

/* Begin XCBuildConfiguration section */
		67707FED268B9D54002831E9 /* Debug */ = {
			isa = XCBuildConfiguration;
			buildSettings = {
				ALWAYS_SEARCH_USER_PATHS = NO;
				CLANG_ANALYZER_NONNULL = YES;
				CLANG_ANALYZER_NUMBER_OBJECT_CONVERSION = YES_AGGRESSIVE;
				CLANG_CXX_LANGUAGE_STANDARD = "gnu++14";
				CLANG_CXX_LIBRARY = "libc++";
				CLANG_ENABLE_MODULES = YES;
				CLANG_ENABLE_OBJC_ARC = YES;
				CLANG_ENABLE_OBJC_WEAK = YES;
				CLANG_WARN_BLOCK_CAPTURE_AUTORELEASING = YES;
				CLANG_WARN_BOOL_CONVERSION = YES;
				CLANG_WARN_COMMA = YES;
				CLANG_WARN_CONSTANT_CONVERSION = YES;
				CLANG_WARN_DEPRECATED_OBJC_IMPLEMENTATIONS = YES;
				CLANG_WARN_DIRECT_OBJC_ISA_USAGE = YES_ERROR;
				CLANG_WARN_DOCUMENTATION_COMMENTS = YES;
				CLANG_WARN_EMPTY_BODY = YES;
				CLANG_WARN_ENUM_CONVERSION = YES;
				CLANG_WARN_INFINITE_RECURSION = YES;
				CLANG_WARN_INT_CONVERSION = YES;
				CLANG_WARN_NON_LITERAL_NULL_CONVERSION = YES;
				CLANG_WARN_OBJC_IMPLICIT_RETAIN_SELF = YES;
				CLANG_WARN_OBJC_LITERAL_CONVERSION = YES;
				CLANG_WARN_OBJC_ROOT_CLASS = YES_ERROR;
				CLANG_WARN_QUOTED_INCLUDE_IN_FRAMEWORK_HEADER = YES;
				CLANG_WARN_RANGE_LOOP_ANALYSIS = YES;
				CLANG_WARN_STRICT_PROTOTYPES = YES;
				CLANG_WARN_SUSPICIOUS_MOVE = YES;
				CLANG_WARN_UNGUARDED_AVAILABILITY = YES_AGGRESSIVE;
				CLANG_WARN_UNREACHABLE_CODE = YES;
				CLANG_WARN__DUPLICATE_METHOD_MATCH = YES;
				COPY_PHASE_STRIP = NO;
				DEBUG_INFORMATION_FORMAT = dwarf;
				ENABLE_STRICT_OBJC_MSGSEND = YES;
				ENABLE_TESTABILITY = YES;
				GCC_C_LANGUAGE_STANDARD = gnu11;
				GCC_DYNAMIC_NO_PIC = NO;
				GCC_NO_COMMON_BLOCKS = YES;
				GCC_OPTIMIZATION_LEVEL = 0;
				GCC_PREPROCESSOR_DEFINITIONS = (
					"DEBUG=1",
					"$(inherited)",
				);
				GCC_WARN_64_TO_32_BIT_CONVERSION = YES;
				GCC_WARN_ABOUT_RETURN_TYPE = YES_ERROR;
				GCC_WARN_UNDECLARED_SELECTOR = YES;
				GCC_WARN_UNINITIALIZED_AUTOS = YES_AGGRESSIVE;
				GCC_WARN_UNUSED_FUNCTION = YES;
				GCC_WARN_UNUSED_VARIABLE = YES;
				IPHONEOS_DEPLOYMENT_TARGET = 14.5;
				MTL_ENABLE_DEBUG_INFO = INCLUDE_SOURCE;
				MTL_FAST_MATH = YES;
				ONLY_ACTIVE_ARCH = YES;
				SDKROOT = iphoneos;
				SWIFT_ACTIVE_COMPILATION_CONDITIONS = DEBUG;
				SWIFT_OPTIMIZATION_LEVEL = "-Onone";
			};
			name = Debug;
		};
		67707FEE268B9D54002831E9 /* Release */ = {
			isa = XCBuildConfiguration;
			buildSettings = {
				ALWAYS_SEARCH_USER_PATHS = NO;
				CLANG_ANALYZER_NONNULL = YES;
				CLANG_ANALYZER_NUMBER_OBJECT_CONVERSION = YES_AGGRESSIVE;
				CLANG_CXX_LANGUAGE_STANDARD = "gnu++14";
				CLANG_CXX_LIBRARY = "libc++";
				CLANG_ENABLE_MODULES = YES;
				CLANG_ENABLE_OBJC_ARC = YES;
				CLANG_ENABLE_OBJC_WEAK = YES;
				CLANG_WARN_BLOCK_CAPTURE_AUTORELEASING = YES;
				CLANG_WARN_BOOL_CONVERSION = YES;
				CLANG_WARN_COMMA = YES;
				CLANG_WARN_CONSTANT_CONVERSION = YES;
				CLANG_WARN_DEPRECATED_OBJC_IMPLEMENTATIONS = YES;
				CLANG_WARN_DIRECT_OBJC_ISA_USAGE = YES_ERROR;
				CLANG_WARN_DOCUMENTATION_COMMENTS = YES;
				CLANG_WARN_EMPTY_BODY = YES;
				CLANG_WARN_ENUM_CONVERSION = YES;
				CLANG_WARN_INFINITE_RECURSION = YES;
				CLANG_WARN_INT_CONVERSION = YES;
				CLANG_WARN_NON_LITERAL_NULL_CONVERSION = YES;
				CLANG_WARN_OBJC_IMPLICIT_RETAIN_SELF = YES;
				CLANG_WARN_OBJC_LITERAL_CONVERSION = YES;
				CLANG_WARN_OBJC_ROOT_CLASS = YES_ERROR;
				CLANG_WARN_QUOTED_INCLUDE_IN_FRAMEWORK_HEADER = YES;
				CLANG_WARN_RANGE_LOOP_ANALYSIS = YES;
				CLANG_WARN_STRICT_PROTOTYPES = YES;
				CLANG_WARN_SUSPICIOUS_MOVE = YES;
				CLANG_WARN_UNGUARDED_AVAILABILITY = YES_AGGRESSIVE;
				CLANG_WARN_UNREACHABLE_CODE = YES;
				CLANG_WARN__DUPLICATE_METHOD_MATCH = YES;
				COPY_PHASE_STRIP = NO;
				DEBUG_INFORMATION_FORMAT = "dwarf-with-dsym";
				ENABLE_NS_ASSERTIONS = NO;
				ENABLE_STRICT_OBJC_MSGSEND = YES;
				GCC_C_LANGUAGE_STANDARD = gnu11;
				GCC_NO_COMMON_BLOCKS = YES;
				GCC_WARN_64_TO_32_BIT_CONVERSION = YES;
				GCC_WARN_ABOUT_RETURN_TYPE = YES_ERROR;
				GCC_WARN_UNDECLARED_SELECTOR = YES;
				GCC_WARN_UNINITIALIZED_AUTOS = YES_AGGRESSIVE;
				GCC_WARN_UNUSED_FUNCTION = YES;
				GCC_WARN_UNUSED_VARIABLE = YES;
				IPHONEOS_DEPLOYMENT_TARGET = 14.5;
				MTL_ENABLE_DEBUG_INFO = NO;
				MTL_FAST_MATH = YES;
				SDKROOT = iphoneos;
				SWIFT_COMPILATION_MODE = wholemodule;
				SWIFT_OPTIMIZATION_LEVEL = "-O";
				VALIDATE_PRODUCT = YES;
			};
			name = Release;
		};
		67707FF0268B9D54002831E9 /* Debug */ = {
			isa = XCBuildConfiguration;
			buildSettings = {
				ASSETCATALOG_COMPILER_APPICON_NAME = AppIcon;
				ASSETCATALOG_COMPILER_GLOBAL_ACCENT_COLOR_NAME = AccentColor;
				CODE_SIGN_STYLE = Automatic;
				DEVELOPMENT_TEAM = 7R435ZFR8R;
				INFOPLIST_FILE = Reflectivity/Info.plist;
				LD_RUNPATH_SEARCH_PATHS = (
					"$(inherited)",
					"@executable_path/Frameworks",
				);
				PRODUCT_BUNDLE_IDENTIFIER = NA.Reflectivity;
				PRODUCT_NAME = "$(TARGET_NAME)";
				SWIFT_VERSION = 5.0;
				TARGETED_DEVICE_FAMILY = "1,2";
			};
			name = Debug;
		};
		67707FF1268B9D54002831E9 /* Release */ = {
			isa = XCBuildConfiguration;
			buildSettings = {
				ASSETCATALOG_COMPILER_APPICON_NAME = AppIcon;
				ASSETCATALOG_COMPILER_GLOBAL_ACCENT_COLOR_NAME = AccentColor;
				CODE_SIGN_STYLE = Automatic;
				DEVELOPMENT_TEAM = 7R435ZFR8R;
				INFOPLIST_FILE = Reflectivity/Info.plist;
				LD_RUNPATH_SEARCH_PATHS = (
					"$(inherited)",
					"@executable_path/Frameworks",
				);
				PRODUCT_BUNDLE_IDENTIFIER = NA.Reflectivity;
				PRODUCT_NAME = "$(TARGET_NAME)";
				SWIFT_VERSION = 5.0;
				TARGETED_DEVICE_FAMILY = "1,2";
			};
			name = Release;
		};
/* End XCBuildConfiguration section */

/* Begin XCConfigurationList section */
		67707FD3268B9D44002831E9 /* Build configuration list for PBXProject "Reflectivity" */ = {
			isa = XCConfigurationList;
			buildConfigurations = (
				67707FED268B9D54002831E9 /* Debug */,
				67707FEE268B9D54002831E9 /* Release */,
			);
			defaultConfigurationIsVisible = 0;
			defaultConfigurationName = Release;
		};
		67707FEF268B9D54002831E9 /* Build configuration list for PBXNativeTarget "Reflectivity" */ = {
			isa = XCConfigurationList;
			buildConfigurations = (
				67707FF0268B9D54002831E9 /* Debug */,
				67707FF1268B9D54002831E9 /* Release */,
			);
			defaultConfigurationIsVisible = 0;
			defaultConfigurationName = Release;
		};
/* End XCConfigurationList section */

/* Begin XCVersionGroup section */
		67707FE4268B9D44002831E9 /* Reflectivity.xcdatamodeld */ = {
			isa = XCVersionGroup;
			children = (
				67707FE5268B9D44002831E9 /* Reflectivity.xcdatamodel */,
			);
			currentVersion = 67707FE5268B9D44002831E9 /* Reflectivity.xcdatamodel */;
			path = Reflectivity.xcdatamodeld;
			sourceTree = "<group>";
			versionGroupType = wrapper.xcdatamodel;
		};
/* End XCVersionGroup section */
	};
	rootObject = 67707FD0268B9D44002831E9 /* Project object */;
}
